// !$*UTF8*$!
{
	archiveVersion = 1;
	classes = {
	};
	objectVersion = 56;
	objects = {

/* Begin PBXBuildFile section */
		C3B8DA2B295EB752004BA5D0 /* SwiftUI_UtilsApp.swift in Sources */ = {isa = PBXBuildFile; fileRef = C3B8DA2A295EB752004BA5D0 /* SwiftUI_UtilsApp.swift */; };
		C3B8DA2D295EB752004BA5D0 /* ContentView.swift in Sources */ = {isa = PBXBuildFile; fileRef = C3B8DA2C295EB752004BA5D0 /* ContentView.swift */; };
		C3B8DA2F295EB752004BA5D0 /* Assets.xcassets in Resources */ = {isa = PBXBuildFile; fileRef = C3B8DA2E295EB752004BA5D0 /* Assets.xcassets */; };
		C3B8DA3C295EB752004BA5D0 /* SwiftUI_UtilsTests.swift in Sources */ = {isa = PBXBuildFile; fileRef = C3B8DA3B295EB752004BA5D0 /* SwiftUI_UtilsTests.swift */; };
		C3B8DA46295EB752004BA5D0 /* SwiftUI_UtilsUITests.swift in Sources */ = {isa = PBXBuildFile; fileRef = C3B8DA45295EB752004BA5D0 /* SwiftUI_UtilsUITests.swift */; };
		C3B8DA48295EB752004BA5D0 /* SwiftUI_UtilsUITestsLaunchTests.swift in Sources */ = {isa = PBXBuildFile; fileRef = C3B8DA47295EB752004BA5D0 /* SwiftUI_UtilsUITestsLaunchTests.swift */; };
		C3B8DA55295EB832004BA5D0 /* PreviewAndBindings.swift in Sources */ = {isa = PBXBuildFile; fileRef = C3B8DA54295EB832004BA5D0 /* PreviewAndBindings.swift */; };
/* End PBXBuildFile section */

/* Begin PBXContainerItemProxy section */
		C3B8DA38295EB752004BA5D0 /* PBXContainerItemProxy */ = {
			isa = PBXContainerItemProxy;
			containerPortal = C3B8DA1F295EB752004BA5D0 /* Project object */;
			proxyType = 1;
			remoteGlobalIDString = C3B8DA26295EB752004BA5D0;
			remoteInfo = "SwiftUI Utils";
		};
		C3B8DA42295EB752004BA5D0 /* PBXContainerItemProxy */ = {
			isa = PBXContainerItemProxy;
			containerPortal = C3B8DA1F295EB752004BA5D0 /* Project object */;
			proxyType = 1;
			remoteGlobalIDString = C3B8DA26295EB752004BA5D0;
			remoteInfo = "SwiftUI Utils";
		};
/* End PBXContainerItemProxy section */

/* Begin PBXFileReference section */
		C3B8DA27295EB752004BA5D0 /* SwiftUI Utils.app */ = {isa = PBXFileReference; explicitFileType = wrapper.application; includeInIndex = 0; path = "SwiftUI Utils.app"; sourceTree = BUILT_PRODUCTS_DIR; };
		C3B8DA2A295EB752004BA5D0 /* SwiftUI_UtilsApp.swift */ = {isa = PBXFileReference; lastKnownFileType = sourcecode.swift; path = SwiftUI_UtilsApp.swift; sourceTree = "<group>"; };
		C3B8DA2C295EB752004BA5D0 /* ContentView.swift */ = {isa = PBXFileReference; lastKnownFileType = sourcecode.swift; path = ContentView.swift; sourceTree = "<group>"; };
		C3B8DA2E295EB752004BA5D0 /* Assets.xcassets */ = {isa = PBXFileReference; lastKnownFileType = folder.assetcatalog; path = Assets.xcassets; sourceTree = "<group>"; };
		C3B8DA37295EB752004BA5D0 /* SwiftUI UtilsTests.xctest */ = {isa = PBXFileReference; explicitFileType = wrapper.cfbundle; includeInIndex = 0; path = "SwiftUI UtilsTests.xctest"; sourceTree = BUILT_PRODUCTS_DIR; };
		C3B8DA3B295EB752004BA5D0 /* SwiftUI_UtilsTests.swift */ = {isa = PBXFileReference; lastKnownFileType = sourcecode.swift; path = SwiftUI_UtilsTests.swift; sourceTree = "<group>"; };
		C3B8DA41295EB752004BA5D0 /* SwiftUI UtilsUITests.xctest */ = {isa = PBXFileReference; explicitFileType = wrapper.cfbundle; includeInIndex = 0; path = "SwiftUI UtilsUITests.xctest"; sourceTree = BUILT_PRODUCTS_DIR; };
		C3B8DA45295EB752004BA5D0 /* SwiftUI_UtilsUITests.swift */ = {isa = PBXFileReference; lastKnownFileType = sourcecode.swift; path = SwiftUI_UtilsUITests.swift; sourceTree = "<group>"; };
		C3B8DA47295EB752004BA5D0 /* SwiftUI_UtilsUITestsLaunchTests.swift */ = {isa = PBXFileReference; lastKnownFileType = sourcecode.swift; path = SwiftUI_UtilsUITestsLaunchTests.swift; sourceTree = "<group>"; };
		C3B8DA54295EB832004BA5D0 /* PreviewAndBindings.swift */ = {isa = PBXFileReference; lastKnownFileType = sourcecode.swift; path = PreviewAndBindings.swift; sourceTree = "<group>"; };
/* End PBXFileReference section */

/* Begin PBXFrameworksBuildPhase section */
		C3B8DA24295EB752004BA5D0 /* Frameworks */ = {
			isa = PBXFrameworksBuildPhase;
			buildActionMask = 2147483647;
			files = (
			);
			runOnlyForDeploymentPostprocessing = 0;
		};
		C3B8DA34295EB752004BA5D0 /* Frameworks */ = {
			isa = PBXFrameworksBuildPhase;
			buildActionMask = 2147483647;
			files = (
			);
			runOnlyForDeploymentPostprocessing = 0;
		};
		C3B8DA3E295EB752004BA5D0 /* Frameworks */ = {
			isa = PBXFrameworksBuildPhase;
			buildActionMask = 2147483647;
			files = (
			);
			runOnlyForDeploymentPostprocessing = 0;
		};
/* End PBXFrameworksBuildPhase section */

/* Begin PBXGroup section */
		C3B8DA1E295EB752004BA5D0 = {
			isa = PBXGroup;
			children = (
				C3B8DA29295EB752004BA5D0 /* SwiftUI Utils */,
				C3B8DA3A295EB752004BA5D0 /* SwiftUI UtilsTests */,
				C3B8DA44295EB752004BA5D0 /* SwiftUI UtilsUITests */,
				C3B8DA28295EB752004BA5D0 /* Products */,
			);
			sourceTree = "<group>";
		};
		C3B8DA28295EB752004BA5D0 /* Products */ = {
			isa = PBXGroup;
			children = (
				C3B8DA27295EB752004BA5D0 /* SwiftUI Utils.app */,
				C3B8DA37295EB752004BA5D0 /* SwiftUI UtilsTests.xctest */,
				C3B8DA41295EB752004BA5D0 /* SwiftUI UtilsUITests.xctest */,
			);
			name = Products;
			sourceTree = "<group>";
		};
		C3B8DA29295EB752004BA5D0 /* SwiftUI Utils */ = {
			isa = PBXGroup;
			children = (
				C3B8DA2A295EB752004BA5D0 /* SwiftUI_UtilsApp.swift */,
				C3B8DA2C295EB752004BA5D0 /* ContentView.swift */,
				C3B8DA2E295EB752004BA5D0 /* Assets.xcassets */,
				C3B8DA54295EB832004BA5D0 /* PreviewAndBindings.swift */,
			);
			path = "SwiftUI Utils";
			sourceTree = "<group>";
		};
		C3B8DA3A295EB752004BA5D0 /* SwiftUI UtilsTests */ = {
			isa = PBXGroup;
			children = (
				C3B8DA3B295EB752004BA5D0 /* SwiftUI_UtilsTests.swift */,
			);
			path = "SwiftUI UtilsTests";
			sourceTree = "<group>";
		};
		C3B8DA44295EB752004BA5D0 /* SwiftUI UtilsUITests */ = {
			isa = PBXGroup;
			children = (
				C3B8DA45295EB752004BA5D0 /* SwiftUI_UtilsUITests.swift */,
				C3B8DA47295EB752004BA5D0 /* SwiftUI_UtilsUITestsLaunchTests.swift */,
			);
			path = "SwiftUI UtilsUITests";
			sourceTree = "<group>";
		};
/* End PBXGroup section */

/* Begin PBXNativeTarget section */
		C3B8DA26295EB752004BA5D0 /* SwiftUI Utils */ = {
			isa = PBXNativeTarget;
			buildConfigurationList = C3B8DA4B295EB752004BA5D0 /* Build configuration list for PBXNativeTarget "SwiftUI Utils" */;
			buildPhases = (
				C3B8DA23295EB752004BA5D0 /* Sources */,
				C3B8DA24295EB752004BA5D0 /* Frameworks */,
				C3B8DA25295EB752004BA5D0 /* Resources */,
			);
			buildRules = (
			);
			dependencies = (
			);
			name = "SwiftUI Utils";
			productName = "SwiftUI Utils";
			productReference = C3B8DA27295EB752004BA5D0 /* SwiftUI Utils.app */;
			productType = "com.apple.product-type.application";
		};
		C3B8DA36295EB752004BA5D0 /* SwiftUI UtilsTests */ = {
			isa = PBXNativeTarget;
			buildConfigurationList = C3B8DA4E295EB752004BA5D0 /* Build configuration list for PBXNativeTarget "SwiftUI UtilsTests" */;
			buildPhases = (
				C3B8DA33295EB752004BA5D0 /* Sources */,
				C3B8DA34295EB752004BA5D0 /* Frameworks */,
				C3B8DA35295EB752004BA5D0 /* Resources */,
			);
			buildRules = (
			);
			dependencies = (
				C3B8DA39295EB752004BA5D0 /* PBXTargetDependency */,
			);
			name = "SwiftUI UtilsTests";
			productName = "SwiftUI UtilsTests";
			productReference = C3B8DA37295EB752004BA5D0 /* SwiftUI UtilsTests.xctest */;
			productType = "com.apple.product-type.bundle.unit-test";
		};
		C3B8DA40295EB752004BA5D0 /* SwiftUI UtilsUITests */ = {
			isa = PBXNativeTarget;
			buildConfigurationList = C3B8DA51295EB752004BA5D0 /* Build configuration list for PBXNativeTarget "SwiftUI UtilsUITests" */;
			buildPhases = (
				C3B8DA3D295EB752004BA5D0 /* Sources */,
				C3B8DA3E295EB752004BA5D0 /* Frameworks */,
				C3B8DA3F295EB752004BA5D0 /* Resources */,
			);
			buildRules = (
			);
			dependencies = (
				C3B8DA43295EB752004BA5D0 /* PBXTargetDependency */,
			);
			name = "SwiftUI UtilsUITests";
			productName = "SwiftUI UtilsUITests";
			productReference = C3B8DA41295EB752004BA5D0 /* SwiftUI UtilsUITests.xctest */;
			productType = "com.apple.product-type.bundle.ui-testing";
		};
/* End PBXNativeTarget section */

/* Begin PBXProject section */
		C3B8DA1F295EB752004BA5D0 /* Project object */ = {
			isa = PBXProject;
			attributes = {
				BuildIndependentTargetsInParallel = 1;
				LastSwiftUpdateCheck = 1420;
				LastUpgradeCheck = 1420;
				TargetAttributes = {
					C3B8DA26295EB752004BA5D0 = {
						CreatedOnToolsVersion = 14.2;
					};
					C3B8DA36295EB752004BA5D0 = {
						CreatedOnToolsVersion = 14.2;
						TestTargetID = C3B8DA26295EB752004BA5D0;
					};
					C3B8DA40295EB752004BA5D0 = {
						CreatedOnToolsVersion = 14.2;
						TestTargetID = C3B8DA26295EB752004BA5D0;
					};
				};
			};
			buildConfigurationList = C3B8DA22295EB752004BA5D0 /* Build configuration list for PBXProject "SwiftUI Utils" */;
			compatibilityVersion = "Xcode 14.0";
			developmentRegion = en;
			hasScannedForEncodings = 0;
			knownRegions = (
				en,
				Base,
			);
			mainGroup = C3B8DA1E295EB752004BA5D0;
			productRefGroup = C3B8DA28295EB752004BA5D0 /* Products */;
			projectDirPath = "";
			projectRoot = "";
			targets = (
				C3B8DA26295EB752004BA5D0 /* SwiftUI Utils */,
				C3B8DA36295EB752004BA5D0 /* SwiftUI UtilsTests */,
				C3B8DA40295EB752004BA5D0 /* SwiftUI UtilsUITests */,
			);
		};
/* End PBXProject section */

/* Begin PBXResourcesBuildPhase section */
		C3B8DA25295EB752004BA5D0 /* Resources */ = {
			isa = PBXResourcesBuildPhase;
			buildActionMask = 2147483647;
			files = (
				C3B8DA2F295EB752004BA5D0 /* Assets.xcassets in Resources */,
			);
			runOnlyForDeploymentPostprocessing = 0;
		};
		C3B8DA35295EB752004BA5D0 /* Resources */ = {
			isa = PBXResourcesBuildPhase;
			buildActionMask = 2147483647;
			files = (
			);
			runOnlyForDeploymentPostprocessing = 0;
		};
		C3B8DA3F295EB752004BA5D0 /* Resources */ = {
			isa = PBXResourcesBuildPhase;
			buildActionMask = 2147483647;
			files = (
			);
			runOnlyForDeploymentPostprocessing = 0;
		};
/* End PBXResourcesBuildPhase section */

/* Begin PBXSourcesBuildPhase section */
		C3B8DA23295EB752004BA5D0 /* Sources */ = {
			isa = PBXSourcesBuildPhase;
			buildActionMask = 2147483647;
			files = (
				C3B8DA55295EB832004BA5D0 /* PreviewAndBindings.swift in Sources */,
				C3B8DA2D295EB752004BA5D0 /* ContentView.swift in Sources */,
				C3B8DA2B295EB752004BA5D0 /* SwiftUI_UtilsApp.swift in Sources */,
			);
			runOnlyForDeploymentPostprocessing = 0;
		};
		C3B8DA33295EB752004BA5D0 /* Sources */ = {
			isa = PBXSourcesBuildPhase;
			buildActionMask = 2147483647;
			files = (
				C3B8DA3C295EB752004BA5D0 /* SwiftUI_UtilsTests.swift in Sources */,
			);
			runOnlyForDeploymentPostprocessing = 0;
		};
		C3B8DA3D295EB752004BA5D0 /* Sources */ = {
			isa = PBXSourcesBuildPhase;
			buildActionMask = 2147483647;
			files = (
				C3B8DA48295EB752004BA5D0 /* SwiftUI_UtilsUITestsLaunchTests.swift in Sources */,
				C3B8DA46295EB752004BA5D0 /* SwiftUI_UtilsUITests.swift in Sources */,
			);
			runOnlyForDeploymentPostprocessing = 0;
		};
/* End PBXSourcesBuildPhase section */

/* Begin PBXTargetDependency section */
		C3B8DA39295EB752004BA5D0 /* PBXTargetDependency */ = {
			isa = PBXTargetDependency;
			target = C3B8DA26295EB752004BA5D0 /* SwiftUI Utils */;
			targetProxy = C3B8DA38295EB752004BA5D0 /* PBXContainerItemProxy */;
		};
		C3B8DA43295EB752004BA5D0 /* PBXTargetDependency */ = {
			isa = PBXTargetDependency;
			target = C3B8DA26295EB752004BA5D0 /* SwiftUI Utils */;
			targetProxy = C3B8DA42295EB752004BA5D0 /* PBXContainerItemProxy */;
		};
/* End PBXTargetDependency section */

/* Begin XCBuildConfiguration section */
		C3B8DA49295EB752004BA5D0 /* Debug */ = {
			isa = XCBuildConfiguration;
			buildSettings = {
				ALWAYS_SEARCH_USER_PATHS = NO;
				CLANG_ANALYZER_NONNULL = YES;
				CLANG_ANALYZER_NUMBER_OBJECT_CONVERSION = YES_AGGRESSIVE;
				CLANG_CXX_LANGUAGE_STANDARD = "gnu++20";
				CLANG_ENABLE_MODULES = YES;
				CLANG_ENABLE_OBJC_ARC = YES;
				CLANG_ENABLE_OBJC_WEAK = YES;
				CLANG_WARN_BLOCK_CAPTURE_AUTORELEASING = YES;
				CLANG_WARN_BOOL_CONVERSION = YES;
				CLANG_WARN_COMMA = YES;
				CLANG_WARN_CONSTANT_CONVERSION = YES;
				CLANG_WARN_DEPRECATED_OBJC_IMPLEMENTATIONS = YES;
				CLANG_WARN_DIRECT_OBJC_ISA_USAGE = YES_ERROR;
				CLANG_WARN_DOCUMENTATION_COMMENTS = YES;
				CLANG_WARN_EMPTY_BODY = YES;
				CLANG_WARN_ENUM_CONVERSION = YES;
				CLANG_WARN_INFINITE_RECURSION = YES;
				CLANG_WARN_INT_CONVERSION = YES;
				CLANG_WARN_NON_LITERAL_NULL_CONVERSION = YES;
				CLANG_WARN_OBJC_IMPLICIT_RETAIN_SELF = YES;
				CLANG_WARN_OBJC_LITERAL_CONVERSION = YES;
				CLANG_WARN_OBJC_ROOT_CLASS = YES_ERROR;
				CLANG_WARN_QUOTED_INCLUDE_IN_FRAMEWORK_HEADER = YES;
				CLANG_WARN_RANGE_LOOP_ANALYSIS = YES;
				CLANG_WARN_STRICT_PROTOTYPES = YES;
				CLANG_WARN_SUSPICIOUS_MOVE = YES;
				CLANG_WARN_UNGUARDED_AVAILABILITY = YES_AGGRESSIVE;
				CLANG_WARN_UNREACHABLE_CODE = YES;
				CLANG_WARN__DUPLICATE_METHOD_MATCH = YES;
				COPY_PHASE_STRIP = NO;
				DEBUG_INFORMATION_FORMAT = dwarf;
				ENABLE_STRICT_OBJC_MSGSEND = YES;
				ENABLE_TESTABILITY = YES;
				GCC_C_LANGUAGE_STANDARD = gnu11;
				GCC_DYNAMIC_NO_PIC = NO;
				GCC_NO_COMMON_BLOCKS = YES;
				GCC_OPTIMIZATION_LEVEL = 0;
				GCC_PREPROCESSOR_DEFINITIONS = (
					"DEBUG=1",
					"$(inherited)",
				);
				GCC_WARN_64_TO_32_BIT_CONVERSION = YES;
				GCC_WARN_ABOUT_RETURN_TYPE = YES_ERROR;
				GCC_WARN_UNDECLARED_SELECTOR = YES;
				GCC_WARN_UNINITIALIZED_AUTOS = YES_AGGRESSIVE;
				GCC_WARN_UNUSED_FUNCTION = YES;
				GCC_WARN_UNUSED_VARIABLE = YES;
				IPHONEOS_DEPLOYMENT_TARGET = 16.2;
				MTL_ENABLE_DEBUG_INFO = INCLUDE_SOURCE;
				MTL_FAST_MATH = YES;
				ONLY_ACTIVE_ARCH = YES;
				SDKROOT = iphoneos;
				SWIFT_ACTIVE_COMPILATION_CONDITIONS = DEBUG;
				SWIFT_OPTIMIZATION_LEVEL = "-Onone";
			};
			name = Debug;
		};
		C3B8DA4A295EB752004BA5D0 /* Release */ = {
			isa = XCBuildConfiguration;
			buildSettings = {
				ALWAYS_SEARCH_USER_PATHS = NO;
				CLANG_ANALYZER_NONNULL = YES;
				CLANG_ANALYZER_NUMBER_OBJECT_CONVERSION = YES_AGGRESSIVE;
				CLANG_CXX_LANGUAGE_STANDARD = "gnu++20";
				CLANG_ENABLE_MODULES = YES;
				CLANG_ENABLE_OBJC_ARC = YES;
				CLANG_ENABLE_OBJC_WEAK = YES;
				CLANG_WARN_BLOCK_CAPTURE_AUTORELEASING = YES;
				CLANG_WARN_BOOL_CONVERSION = YES;
				CLANG_WARN_COMMA = YES;
				CLANG_WARN_CONSTANT_CONVERSION = YES;
				CLANG_WARN_DEPRECATED_OBJC_IMPLEMENTATIONS = YES;
				CLANG_WARN_DIRECT_OBJC_ISA_USAGE = YES_ERROR;
				CLANG_WARN_DOCUMENTATION_COMMENTS = YES;
				CLANG_WARN_EMPTY_BODY = YES;
				CLANG_WARN_ENUM_CONVERSION = YES;
				CLANG_WARN_INFINITE_RECURSION = YES;
				CLANG_WARN_INT_CONVERSION = YES;
				CLANG_WARN_NON_LITERAL_NULL_CONVERSION = YES;
				CLANG_WARN_OBJC_IMPLICIT_RETAIN_SELF = YES;
				CLANG_WARN_OBJC_LITERAL_CONVERSION = YES;
				CLANG_WARN_OBJC_ROOT_CLASS = YES_ERROR;
				CLANG_WARN_QUOTED_INCLUDE_IN_FRAMEWORK_HEADER = YES;
				CLANG_WARN_RANGE_LOOP_ANALYSIS = YES;
				CLANG_WARN_STRICT_PROTOTYPES = YES;
				CLANG_WARN_SUSPICIOUS_MOVE = YES;
				CLANG_WARN_UNGUARDED_AVAILABILITY = YES_AGGRESSIVE;
				CLANG_WARN_UNREACHABLE_CODE = YES;
				CLANG_WARN__DUPLICATE_METHOD_MATCH = YES;
				COPY_PHASE_STRIP = NO;
				DEBUG_INFORMATION_FORMAT = "dwarf-with-dsym";
				ENABLE_NS_ASSERTIONS = NO;
				ENABLE_STRICT_OBJC_MSGSEND = YES;
				GCC_C_LANGUAGE_STANDARD = gnu11;
				GCC_NO_COMMON_BLOCKS = YES;
				GCC_WARN_64_TO_32_BIT_CONVERSION = YES;
				GCC_WARN_ABOUT_RETURN_TYPE = YES_ERROR;
				GCC_WARN_UNDECLARED_SELECTOR = YES;
				GCC_WARN_UNINITIALIZED_AUTOS = YES_AGGRESSIVE;
				GCC_WARN_UNUSED_FUNCTION = YES;
				GCC_WARN_UNUSED_VARIABLE = YES;
				IPHONEOS_DEPLOYMENT_TARGET = 16.2;
				MTL_ENABLE_DEBUG_INFO = NO;
				MTL_FAST_MATH = YES;
				SDKROOT = iphoneos;
				SWIFT_COMPILATION_MODE = wholemodule;
				SWIFT_OPTIMIZATION_LEVEL = "-O";
				VALIDATE_PRODUCT = YES;
			};
			name = Release;
		};
		C3B8DA4C295EB752004BA5D0 /* Debug */ = {
			isa = XCBuildConfiguration;
			buildSettings = {
				ASSETCATALOG_COMPILER_APPICON_NAME = AppIcon;
				ASSETCATALOG_COMPILER_GLOBAL_ACCENT_COLOR_NAME = AccentColor;
				CODE_SIGN_STYLE = Automatic;
				CURRENT_PROJECT_VERSION = 1;
				DEVELOPMENT_ASSET_PATHS = "\"SwiftUI Utils/Preview Content\"";
				DEVELOPMENT_TEAM = 363AQBNMLH;
				ENABLE_PREVIEWS = YES;
				GENERATE_INFOPLIST_FILE = YES;
				INFOPLIST_KEY_UIApplicationSceneManifest_Generation = YES;
				INFOPLIST_KEY_UIApplicationSupportsIndirectInputEvents = YES;
				INFOPLIST_KEY_UILaunchScreen_Generation = YES;
				INFOPLIST_KEY_UISupportedInterfaceOrientations_iPad = "UIInterfaceOrientationPortrait UIInterfaceOrientationPortraitUpsideDown UIInterfaceOrientationLandscapeLeft UIInterfaceOrientationLandscapeRight";
				INFOPLIST_KEY_UISupportedInterfaceOrientations_iPhone = "UIInterfaceOrientationPortrait UIInterfaceOrientationLandscapeLeft UIInterfaceOrientationLandscapeRight";
				LD_RUNPATH_SEARCH_PATHS = (
					"$(inherited)",
					"@executable_path/Frameworks",
				);
				MARKETING_VERSION = 1.0;
				PRODUCT_BUNDLE_IDENTIFIER = "com.manurico.SwiftUI-Utils";
				PRODUCT_NAME = "$(TARGET_NAME)";
				SWIFT_EMIT_LOC_STRINGS = YES;
				SWIFT_VERSION = 5.0;
				TARGETED_DEVICE_FAMILY = "1,2";
			};
			name = Debug;
		};
		C3B8DA4D295EB752004BA5D0 /* Release */ = {
			isa = XCBuildConfiguration;
			buildSettings = {
				ASSETCATALOG_COMPILER_APPICON_NAME = AppIcon;
				ASSETCATALOG_COMPILER_GLOBAL_ACCENT_COLOR_NAME = AccentColor;
				CODE_SIGN_STYLE = Automatic;
				CURRENT_PROJECT_VERSION = 1;
				DEVELOPMENT_ASSET_PATHS = "\"SwiftUI Utils/Preview Content\"";
				DEVELOPMENT_TEAM = 363AQBNMLH;
				ENABLE_PREVIEWS = YES;
				GENERATE_INFOPLIST_FILE = YES;
				INFOPLIST_KEY_UIApplicationSceneManifest_Generation = YES;
				INFOPLIST_KEY_UIApplicationSupportsIndirectInputEvents = YES;
				INFOPLIST_KEY_UILaunchScreen_Generation = YES;
				INFOPLIST_KEY_UISupportedInterfaceOrientations_iPad = "UIInterfaceOrientationPortrait UIInterfaceOrientationPortraitUpsideDown UIInterfaceOrientationLandscapeLeft UIInterfaceOrientationLandscapeRight";
				INFOPLIST_KEY_UISupportedInterfaceOrientations_iPhone = "UIInterfaceOrientationPortrait UIInterfaceOrientationLandscapeLeft UIInterfaceOrientationLandscapeRight";
				LD_RUNPATH_SEARCH_PATHS = (
					"$(inherited)",
					"@executable_path/Frameworks",
				);
				MARKETING_VERSION = 1.0;
				PRODUCT_BUNDLE_IDENTIFIER = "com.manurico.SwiftUI-Utils";
				PRODUCT_NAME = "$(TARGET_NAME)";
				SWIFT_EMIT_LOC_STRINGS = YES;
				SWIFT_VERSION = 5.0;
				TARGETED_DEVICE_FAMILY = "1,2";
			};
			name = Release;
		};
		C3B8DA4F295EB752004BA5D0 /* Debug */ = {
			isa = XCBuildConfiguration;
			buildSettings = {
				ALWAYS_EMBED_SWIFT_STANDARD_LIBRARIES = YES;
				BUNDLE_LOADER = "$(TEST_HOST)";
				CODE_SIGN_STYLE = Automatic;
				CURRENT_PROJECT_VERSION = 1;
				DEVELOPMENT_TEAM = 363AQBNMLH;
				GENERATE_INFOPLIST_FILE = YES;
				IPHONEOS_DEPLOYMENT_TARGET = 16.2;
				MARKETING_VERSION = 1.0;
				PRODUCT_BUNDLE_IDENTIFIER = "com.manurico.SwiftUI-UtilsTests";
				PRODUCT_NAME = "$(TARGET_NAME)";
				SWIFT_EMIT_LOC_STRINGS = NO;
				SWIFT_VERSION = 5.0;
				TARGETED_DEVICE_FAMILY = "1,2";
				TEST_HOST = "$(BUILT_PRODUCTS_DIR)/SwiftUI Utils.app/$(BUNDLE_EXECUTABLE_FOLDER_PATH)/SwiftUI Utils";
			};
			name = Debug;
		};
		C3B8DA50295EB752004BA5D0 /* Release */ = {
			isa = XCBuildConfiguration;
			buildSettings = {
				ALWAYS_EMBED_SWIFT_STANDARD_LIBRARIES = YES;
				BUNDLE_LOADER = "$(TEST_HOST)";
				CODE_SIGN_STYLE = Automatic;
				CURRENT_PROJECT_VERSION = 1;
				DEVELOPMENT_TEAM = 363AQBNMLH;
				GENERATE_INFOPLIST_FILE = YES;
				IPHONEOS_DEPLOYMENT_TARGET = 16.2;
				MARKETING_VERSION = 1.0;
				PRODUCT_BUNDLE_IDENTIFIER = "com.manurico.SwiftUI-UtilsTests";
				PRODUCT_NAME = "$(TARGET_NAME)";
				SWIFT_EMIT_LOC_STRINGS = NO;
				SWIFT_VERSION = 5.0;
				TARGETED_DEVICE_FAMILY = "1,2";
				TEST_HOST = "$(BUILT_PRODUCTS_DIR)/SwiftUI Utils.app/$(BUNDLE_EXECUTABLE_FOLDER_PATH)/SwiftUI Utils";
			};
			name = Release;
		};
		C3B8DA52295EB752004BA5D0 /* Debug */ = {
			isa = XCBuildConfiguration;
			buildSettings = {
				ALWAYS_EMBED_SWIFT_STANDARD_LIBRARIES = YES;
				CODE_SIGN_STYLE = Automatic;
				CURRENT_PROJECT_VERSION = 1;
				DEVELOPMENT_TEAM = 363AQBNMLH;
				GENERATE_INFOPLIST_FILE = YES;
				MARKETING_VERSION = 1.0;
				PRODUCT_BUNDLE_IDENTIFIER = "com.manurico.SwiftUI-UtilsUITests";
				PRODUCT_NAME = "$(TARGET_NAME)";
				SWIFT_EMIT_LOC_STRINGS = NO;
				SWIFT_VERSION = 5.0;
				TARGETED_DEVICE_FAMILY = "1,2";
				TEST_TARGET_NAME = "SwiftUI Utils";
			};
			name = Debug;
		};
		C3B8DA53295EB752004BA5D0 /* Release */ = {
			isa = XCBuildConfiguration;
			buildSettings = {
				ALWAYS_EMBED_SWIFT_STANDARD_LIBRARIES = YES;
				CODE_SIGN_STYLE = Automatic;
				CURRENT_PROJECT_VERSION = 1;
				DEVELOPMENT_TEAM = 363AQBNMLH;
				GENERATE_INFOPLIST_FILE = YES;
				MARKETING_VERSION = 1.0;
				PRODUCT_BUNDLE_IDENTIFIER = "com.manurico.SwiftUI-UtilsUITests";
				PRODUCT_NAME = "$(TARGET_NAME)";
				SWIFT_EMIT_LOC_STRINGS = NO;
				SWIFT_VERSION = 5.0;
				TARGETED_DEVICE_FAMILY = "1,2";
				TEST_TARGET_NAME = "SwiftUI Utils";
			};
			name = Release;
		};
/* End XCBuildConfiguration section */

/* Begin XCConfigurationList section */
		C3B8DA22295EB752004BA5D0 /* Build configuration list for PBXProject "SwiftUI Utils" */ = {
			isa = XCConfigurationList;
			buildConfigurations = (
				C3B8DA49295EB752004BA5D0 /* Debug */,
				C3B8DA4A295EB752004BA5D0 /* Release */,
			);
			defaultConfigurationIsVisible = 0;
			defaultConfigurationName = Release;
		};
		C3B8DA4B295EB752004BA5D0 /* Build configuration list for PBXNativeTarget "SwiftUI Utils" */ = {
			isa = XCConfigurationList;
			buildConfigurations = (
				C3B8DA4C295EB752004BA5D0 /* Debug */,
				C3B8DA4D295EB752004BA5D0 /* Release */,
			);
			defaultConfigurationIsVisible = 0;
			defaultConfigurationName = Release;
		};
		C3B8DA4E295EB752004BA5D0 /* Build configuration list for PBXNativeTarget "SwiftUI UtilsTests" */ = {
			isa = XCConfigurationList;
			buildConfigurations = (
				C3B8DA4F295EB752004BA5D0 /* Debug */,
				C3B8DA50295EB752004BA5D0 /* Release */,
			);
			defaultConfigurationIsVisible = 0;
			defaultConfigurationName = Release;
		};
		C3B8DA51295EB752004BA5D0 /* Build configuration list for PBXNativeTarget "SwiftUI UtilsUITests" */ = {
			isa = XCConfigurationList;
			buildConfigurations = (
				C3B8DA52295EB752004BA5D0 /* Debug */,
				C3B8DA53295EB752004BA5D0 /* Release */,
			);
			defaultConfigurationIsVisible = 0;
			defaultConfigurationName = Release;
		};
/* End XCConfigurationList section */
	};
	rootObject = C3B8DA1F295EB752004BA5D0 /* Project object */;
}
